
Microsoft Visual Studio Solution File, Format Version 12.00
# Visual Studio Version 16
VisualStudioVersion = 16.0.30907.101
MinimumVisualStudioVersion = 10.0.40219.1
Project("{9A19103F-16F7-4668-BE54-9A1E7A4F7556}") = "calculator", "calculator.csproj", "{06811C12-FCC2-4A3E-9DBA-EDAC04E0106B}"
EndProject
Global
	GlobalSection(SolutionConfigurationPlatforms) = preSolution
		Debug|Any CPU = Debug|Any CPU
		Release|Any CPU = Release|Any CPU
	EndGlobalSection
	GlobalSection(ProjectConfigurationPlatforms) = postSolution
		{06811C12-FCC2-4A3E-9DBA-EDAC04E0106B}.Debug|Any CPU.ActiveCfg = Debug|Any CPU
		{06811C12-FCC2-4A3E-9DBA-EDAC04E0106B}.Debug|Any CPU.Build.0 = Debug|Any CPU
		{06811C12-FCC2-4A3E-9DBA-EDAC04E0106B}.Release|Any CPU.ActiveCfg = Release|Any CPU
		{06811C12-FCC2-4A3E-9DBA-EDAC04E0106B}.Release|Any CPU.Build.0 = Release|Any CPU
	EndGlobalSection
	GlobalSection(SolutionProperties) = preSolution
		HideSolutionNode = FALSE
	EndGlobalSection
	GlobalSection(ExtensibilityGlobals) = postSolution
		SolutionGuid = {09EA3DBE-BD51-4AE6-BC90-62491D6772F9}
	EndGlobalSection
EndGlobal
